
Microsoft Visual Studio Solution File, Format Version 12.00
# Visual Studio Version 17
VisualStudioVersion = 17.14.36327.8 d17.14
MinimumVisualStudioVersion = 10.0.40219.1
Project("{FAE04EC0-301F-11D3-BF4B-00C04F79EFBC}") = "List_Files", "List_Files\List_Files.csproj", "{7AE80348-779C-404E-9624-33B4EB45F58D}"
EndProject
Global
	GlobalSection(SolutionConfigurationPlatforms) = preSolution
		Debug|Any CPU = Debug|Any CPU
		Release|Any CPU = Release|Any CPU
	EndGlobalSection
	GlobalSection(ProjectConfigurationPlatforms) = postSolution
		{7AE80348-779C-404E-9624-33B4EB45F58D}.Debug|Any CPU.ActiveCfg = Debug|Any CPU
		{7AE80348-779C-404E-9624-33B4EB45F58D}.Debug|Any CPU.Build.0 = Debug|Any CPU
		{7AE80348-779C-404E-9624-33B4EB45F58D}.Release|Any CPU.ActiveCfg = Release|Any CPU
		{7AE80348-779C-404E-9624-33B4EB45F58D}.Release|Any CPU.Build.0 = Release|Any CPU
	EndGlobalSection
	GlobalSection(SolutionProperties) = preSolution
		HideSolutionNode = FALSE
	EndGlobalSection
	GlobalSection(ExtensibilityGlobals) = postSolution
		SolutionGuid = {55FEEEDE-EC7C-4CB6-9191-8DF1673286BF}
	EndGlobalSection
EndGlobal
